
Microsoft Visual Studio Solution File, Format Version 12.00
# Visual Studio 15
VisualStudioVersion = 15.0.27703.2042
MinimumVisualStudioVersion = 10.0.40219.1
Project("{FAE04EC0-301F-11D3-BF4B-00C04F79EFBC}") = "EveMoonminingTool", "EveMoonminingTool\EveMoonminingTool.csproj", "{3598B8C1-8F3F-4089-8655-0E2CD8AE149C}"
EndProject
Global
	GlobalSection(SolutionConfigurationPlatforms) = preSolution
		Debug|Any CPU = Debug|Any CPU
		Release|Any CPU = Release|Any CPU
	EndGlobalSection
	GlobalSection(ProjectConfigurationPlatforms) = postSolution
		{3598B8C1-8F3F-4089-8655-0E2CD8AE149C}.Debug|Any CPU.ActiveCfg = Debug|Any CPU
		{3598B8C1-8F3F-4089-8655-0E2CD8AE149C}.Debug|Any CPU.Build.0 = Debug|Any CPU
		{3598B8C1-8F3F-4089-8655-0E2CD8AE149C}.Release|Any CPU.ActiveCfg = Release|Any CPU
		{3598B8C1-8F3F-4089-8655-0E2CD8AE149C}.Release|Any CPU.Build.0 = Release|Any CPU
	EndGlobalSection
	GlobalSection(SolutionProperties) = preSolution
		HideSolutionNode = FALSE
	EndGlobalSection
	GlobalSection(ExtensibilityGlobals) = postSolution
		SolutionGuid = {CE2DC982-8B86-4EC1-959A-C5BCF98F453F}
	EndGlobalSection
EndGlobal
